# This file is automatically @generated by Poetry 1.6.1 and should not be changed by hand.

[[package]]
name = "cyal"
version = "0.2.0"
description = ""
optional = false
python-versions = "*"
files = []
develop = false

[package.source]
type = "git"
url = "https://git.sr.ht/~thefake-vip/cyal"
reference = "new-build-system"
resolved_reference = "03e7d468af70e0c5a218895ecf65787441cd39df"

[metadata]
lock-version = "2.0"
python-versions = "^3.11"
content-hash = "ab1bf3f03e3071b6c6ccfcc4a9a80a84523d36d74b53d0a5f41d61dd6c39a720"
